
Microsoft Visual Studio Solution File, Format Version 12.00
# Visual Studio Version 17
VisualStudioVersion = 17.4.33205.214
MinimumVisualStudioVersion = 10.0.40219.1
Project("{FAE04EC0-301F-11D3-BF4B-00C04F79EFBC}") = "gigaciganBackend", "gigaciganBackend\gigaciganBackend.csproj", "{FD52DE53-18AB-49C5-90FE-BF57A76D54D1}"
EndProject
Global
	GlobalSection(SolutionConfigurationPlatforms) = preSolution
		Debug|Any CPU = Debug|Any CPU
		Release|Any CPU = Release|Any CPU
	EndGlobalSection
	GlobalSection(ProjectConfigurationPlatforms) = postSolution
		{FD52DE53-18AB-49C5-90FE-BF57A76D54D1}.Debug|Any CPU.ActiveCfg = Debug|Any CPU
		{FD52DE53-18AB-49C5-90FE-BF57A76D54D1}.Debug|Any CPU.Build.0 = Debug|Any CPU
		{FD52DE53-18AB-49C5-90FE-BF57A76D54D1}.Release|Any CPU.ActiveCfg = Release|Any CPU
		{FD52DE53-18AB-49C5-90FE-BF57A76D54D1}.Release|Any CPU.Build.0 = Release|Any CPU
	EndGlobalSection
	GlobalSection(SolutionProperties) = preSolution
		HideSolutionNode = FALSE
	EndGlobalSection
	GlobalSection(ExtensibilityGlobals) = postSolution
		SolutionGuid = {F61D3DAB-B64C-456C-A9E2-75B2CBA0D153}
	EndGlobalSection
EndGlobal
